dependencies:
  cmd_system:
    dependencies: []
    source:
      path: ../../../.espressif/v6.1/esp-idf/examples/system/console/advanced/components/cmd_system
      type: local
    version: '*'
  espressif/iperf:
    component_hash: 9c95e1c897e9bce78a811682041a284ce22dac888fb61c3988867d5cb09b5961
    dependencies:
    - name: idf
      require: private
      version: '>=4.3'
    source:
      registry_url: https://components.espressif.com
      type: service
    version: 1.0.3
  espressif/iperf-cmd:
    component_hash: ac7c2fe10545367f79c3a10d72bcd497cc0d626e6424786c1a433b3538ee0327
    dependencies:
    - name: espressif/iperf
      registry_url: https://components.espressif.com
      require: private
      version: =1.0.3
    - name: idf
      require: private
      version: '>=4.3'
    source:
      registry_url: https://components.espressif.com/
      type: service
    version: 1.0.3
  espressif/led_strip:
    component_hash: 28621486f77229aaf81c71f5e15d6fbf36c2949cf11094e07090593e659e7639
    dependencies:
    - name: idf
      require: private
      version: '>=5.0'
    source:
      registry_url: https://components.espressif.com/
      type: service
    version: 3.0.3
  idf:
    source:
      type: idf
    version: 6.1.0
  ot_examples_common:
    dependencies:
    - name: espressif/iperf-cmd
      version: ^1.0.2
    - name: cmd_system
      path: ${IDF_PATH}/examples/system/console/advanced/components/cmd_system
    source:
      path: ../../../.espressif/v6.1/esp-idf/examples/openthread/ot_common_components/ot_examples_common
      type: local
    version: '*'
direct_dependencies:
- espressif/led_strip
- ot_examples_common
manifest_hash: 02a047d310d24013ee7ddcb7da527f01c6d8c5ad0932a3702083f0ab1d4adb9a
target: esp32c6
version: 3.0.0
